
Microsoft Visual Studio Solution File, Format Version 12.00
# Visual Studio Version 17
VisualStudioVersion = 17.4.33122.133
MinimumVisualStudioVersion = 10.0.40219.1
Project("{9A19103F-16F7-4668-BE54-9A1E7A4F7556}") = "SupportDashAI", "SupportDashAI.csproj", "{10D974A9-7D72-4416-A221-33FF373A3C1C}"
EndProject
Project("{9A19103F-16F7-4668-BE54-9A1E7A4F7556}") = "SupportDashAI.Domain", "..\SupportDashAI.Domain\SupportDashAI.Domain.csproj", "{33A30702-46C2-4018-8B51-725A28357B5A}"
EndProject
Project("{9A19103F-16F7-4668-BE54-9A1E7A4F7556}") = "SupportDashAI.Contracts", "..\SupportDashAI.Contracts\SupportDashAI.Contracts.csproj", "{80F9ACCF-5E75-44D1-A1D0-E492073E4984}"
EndProject
Project("{9A19103F-16F7-4668-BE54-9A1E7A4F7556}") = "SupportDashAI.Application", "..\SupportDashAI.Application\SupportDashAI.Application.csproj", "{28D7B375-5D09-4B3F-887F-89D84AE14A80}"
EndProject
Project("{9A19103F-16F7-4668-BE54-9A1E7A4F7556}") = "SupportDashAI.EfCore", "..\SupportDashAI.EfCore\SupportDashAI.EfCore.csproj", "{25033629-9174-4B48-B329-0FAF672509E6}"
EndProject
Global
	GlobalSection(SolutionConfigurationPlatforms) = preSolution
		Debug|Any CPU = Debug|Any CPU
		Release|Any CPU = Release|Any CPU
	EndGlobalSection
	GlobalSection(ProjectConfigurationPlatforms) = postSolution
		{10D974A9-7D72-4416-A221-33FF373A3C1C}.Debug|Any CPU.ActiveCfg = Debug|Any CPU
		{10D974A9-7D72-4416-A221-33FF373A3C1C}.Debug|Any CPU.Build.0 = Debug|Any CPU
		{10D974A9-7D72-4416-A221-33FF373A3C1C}.Release|Any CPU.ActiveCfg = Release|Any CPU
		{10D974A9-7D72-4416-A221-33FF373A3C1C}.Release|Any CPU.Build.0 = Release|Any CPU
		{33A30702-46C2-4018-8B51-725A28357B5A}.Debug|Any CPU.ActiveCfg = Debug|Any CPU
		{33A30702-46C2-4018-8B51-725A28357B5A}.Debug|Any CPU.Build.0 = Debug|Any CPU
		{33A30702-46C2-4018-8B51-725A28357B5A}.Release|Any CPU.ActiveCfg = Release|Any CPU
		{33A30702-46C2-4018-8B51-725A28357B5A}.Release|Any CPU.Build.0 = Release|Any CPU
		{80F9ACCF-5E75-44D1-A1D0-E492073E4984}.Debug|Any CPU.ActiveCfg = Debug|Any CPU
		{80F9ACCF-5E75-44D1-A1D0-E492073E4984}.Debug|Any CPU.Build.0 = Debug|Any CPU
		{80F9ACCF-5E75-44D1-A1D0-E492073E4984}.Release|Any CPU.ActiveCfg = Release|Any CPU
		{80F9ACCF-5E75-44D1-A1D0-E492073E4984}.Release|Any CPU.Build.0 = Release|Any CPU
		{28D7B375-5D09-4B3F-887F-89D84AE14A80}.Debug|Any CPU.ActiveCfg = Debug|Any CPU
		{28D7B375-5D09-4B3F-887F-89D84AE14A80}.Debug|Any CPU.Build.0 = Debug|Any CPU
		{28D7B375-5D09-4B3F-887F-89D84AE14A80}.Release|Any CPU.ActiveCfg = Release|Any CPU
		{28D7B375-5D09-4B3F-887F-89D84AE14A80}.Release|Any CPU.Build.0 = Release|Any CPU
		{25033629-9174-4B48-B329-0FAF672509E6}.Debug|Any CPU.ActiveCfg = Debug|Any CPU
		{25033629-9174-4B48-B329-0FAF672509E6}.Debug|Any CPU.Build.0 = Debug|Any CPU
		{25033629-9174-4B48-B329-0FAF672509E6}.Release|Any CPU.ActiveCfg = Release|Any CPU
		{25033629-9174-4B48-B329-0FAF672509E6}.Release|Any CPU.Build.0 = Release|Any CPU
	EndGlobalSection
	GlobalSection(SolutionProperties) = preSolution
		HideSolutionNode = FALSE
	EndGlobalSection
	GlobalSection(ExtensibilityGlobals) = postSolution
		SolutionGuid = {C89A0DC6-25E2-4785-ABA6-79A1B5C4AF84}
	EndGlobalSection
EndGlobal
